
Microsoft Visual Studio Solution File, Format Version 12.00
# Visual Studio Version 16
VisualStudioVersion = 16.0.28803.156
MinimumVisualStudioVersion = 10.0.40219.1
Project("{FAE04EC0-301F-11D3-BF4B-00C04F79EFBC}") = "ViewUi", "WpfApp3\ViewUi.csproj", "{B8A9146D-242C-4824-9C6D-9773359CD698}"
EndProject
Project("{FAE04EC0-301F-11D3-BF4B-00C04F79EFBC}") = "ModelLogic", "Logic\ModelLogic.csproj", "{B4473B74-FE99-4386-82C0-F5266723CC2B}"
EndProject
Project("{FAE04EC0-301F-11D3-BF4B-00C04F79EFBC}") = "ViewModel", "ViewModel\ViewModel.csproj", "{073B093F-039A-42A8-BBB0-5440DF12A88D}"
EndProject
Global
	GlobalSection(SolutionConfigurationPlatforms) = preSolution
		Debug|Any CPU = Debug|Any CPU
		Release|Any CPU = Release|Any CPU
	EndGlobalSection
	GlobalSection(ProjectConfigurationPlatforms) = postSolution
		{B8A9146D-242C-4824-9C6D-9773359CD698}.Debug|Any CPU.ActiveCfg = Debug|Any CPU
		{B8A9146D-242C-4824-9C6D-9773359CD698}.Debug|Any CPU.Build.0 = Debug|Any CPU
		{B8A9146D-242C-4824-9C6D-9773359CD698}.Release|Any CPU.ActiveCfg = Release|Any CPU
		{B8A9146D-242C-4824-9C6D-9773359CD698}.Release|Any CPU.Build.0 = Release|Any CPU
		{B4473B74-FE99-4386-82C0-F5266723CC2B}.Debug|Any CPU.ActiveCfg = Debug|Any CPU
		{B4473B74-FE99-4386-82C0-F5266723CC2B}.Debug|Any CPU.Build.0 = Debug|Any CPU
		{B4473B74-FE99-4386-82C0-F5266723CC2B}.Release|Any CPU.ActiveCfg = Release|Any CPU
		{B4473B74-FE99-4386-82C0-F5266723CC2B}.Release|Any CPU.Build.0 = Release|Any CPU
		{073B093F-039A-42A8-BBB0-5440DF12A88D}.Debug|Any CPU.ActiveCfg = Debug|Any CPU
		{073B093F-039A-42A8-BBB0-5440DF12A88D}.Debug|Any CPU.Build.0 = Debug|Any CPU
		{073B093F-039A-42A8-BBB0-5440DF12A88D}.Release|Any CPU.ActiveCfg = Release|Any CPU
		{073B093F-039A-42A8-BBB0-5440DF12A88D}.Release|Any CPU.Build.0 = Release|Any CPU
	EndGlobalSection
	GlobalSection(SolutionProperties) = preSolution
		HideSolutionNode = FALSE
	EndGlobalSection
	GlobalSection(ExtensibilityGlobals) = postSolution
		SolutionGuid = {8224CE71-0FD4-4941-A893-610B392A43E6}
	EndGlobalSection
EndGlobal
